
Microsoft Visual Studio Solution File, Format Version 12.00
# Visual Studio Version 17
VisualStudioVersion = 17.0.31912.275
MinimumVisualStudioVersion = 10.0.40219.1
Project("{9A19103F-16F7-4668-BE54-9A1E7A4F7556}") = "MyShop.Web", "MyShop.Web\MyShop.Web.csproj", "{1428AD34-2F0B-43F7-B500-351507AFDCD4}"
EndProject
Project("{FAE04EC0-301F-11D3-BF4B-00C04F79EFBC}") = "MyShop.Core", "MyShop.Core\MyShop.Core.csproj", "{AA264F6F-FC37-4A89-98E6-EBD52FFD48D4}"
EndProject
Project("{FAE04EC0-301F-11D3-BF4B-00C04F79EFBC}") = "MyShop.Data", "MyShop.Data\MyShop.Data.csproj", "{492FFD5B-D797-4998-AEAD-EE135C8C9658}"
EndProject
Project("{FAE04EC0-301F-11D3-BF4B-00C04F79EFBC}") = "MyShop.Services", "MyShop.Services\MyShop.Services.csproj", "{F27CA8C7-4F37-45CF-8B14-BE52D673006A}"
EndProject
Global
	GlobalSection(SolutionConfigurationPlatforms) = preSolution
		Debug|Any CPU = Debug|Any CPU
		Release|Any CPU = Release|Any CPU
	EndGlobalSection
	GlobalSection(ProjectConfigurationPlatforms) = postSolution
		{1428AD34-2F0B-43F7-B500-351507AFDCD4}.Debug|Any CPU.ActiveCfg = Debug|Any CPU
		{1428AD34-2F0B-43F7-B500-351507AFDCD4}.Debug|Any CPU.Build.0 = Debug|Any CPU
		{1428AD34-2F0B-43F7-B500-351507AFDCD4}.Release|Any CPU.ActiveCfg = Release|Any CPU
		{1428AD34-2F0B-43F7-B500-351507AFDCD4}.Release|Any CPU.Build.0 = Release|Any CPU
		{AA264F6F-FC37-4A89-98E6-EBD52FFD48D4}.Debug|Any CPU.ActiveCfg = Debug|Any CPU
		{AA264F6F-FC37-4A89-98E6-EBD52FFD48D4}.Debug|Any CPU.Build.0 = Debug|Any CPU
		{AA264F6F-FC37-4A89-98E6-EBD52FFD48D4}.Release|Any CPU.ActiveCfg = Release|Any CPU
		{AA264F6F-FC37-4A89-98E6-EBD52FFD48D4}.Release|Any CPU.Build.0 = Release|Any CPU
		{492FFD5B-D797-4998-AEAD-EE135C8C9658}.Debug|Any CPU.ActiveCfg = Debug|Any CPU
		{492FFD5B-D797-4998-AEAD-EE135C8C9658}.Debug|Any CPU.Build.0 = Debug|Any CPU
		{492FFD5B-D797-4998-AEAD-EE135C8C9658}.Release|Any CPU.ActiveCfg = Release|Any CPU
		{492FFD5B-D797-4998-AEAD-EE135C8C9658}.Release|Any CPU.Build.0 = Release|Any CPU
		{F27CA8C7-4F37-45CF-8B14-BE52D673006A}.Debug|Any CPU.ActiveCfg = Debug|Any CPU
		{F27CA8C7-4F37-45CF-8B14-BE52D673006A}.Debug|Any CPU.Build.0 = Debug|Any CPU
		{F27CA8C7-4F37-45CF-8B14-BE52D673006A}.Release|Any CPU.ActiveCfg = Release|Any CPU
		{F27CA8C7-4F37-45CF-8B14-BE52D673006A}.Release|Any CPU.Build.0 = Release|Any CPU
	EndGlobalSection
	GlobalSection(SolutionProperties) = preSolution
		HideSolutionNode = FALSE
	EndGlobalSection
	GlobalSection(ExtensibilityGlobals) = postSolution
		SolutionGuid = {BBA70DD5-6954-4360-BA15-EB18A919841A}
	EndGlobalSection
EndGlobal
